
Microsoft Visual Studio Solution File, Format Version 12.00
# Visual Studio Version 17
VisualStudioVersion = 17.4.33205.214
MinimumVisualStudioVersion = 10.0.40219.1
Project("{FAE04EC0-301F-11D3-BF4B-00C04F79EFBC}") = "LibraryManagementSystem", "LibraryManagementSystem\LibraryManagementSystem.csproj", "{F5BFC4CD-6199-494D-8426-13B5D75EF2A8}"
EndProject
Global
	GlobalSection(SolutionConfigurationPlatforms) = preSolution
		Debug|Any CPU = Debug|Any CPU
		Release|Any CPU = Release|Any CPU
	EndGlobalSection
	GlobalSection(ProjectConfigurationPlatforms) = postSolution
		{F5BFC4CD-6199-494D-8426-13B5D75EF2A8}.Debug|Any CPU.ActiveCfg = Debug|Any CPU
		{F5BFC4CD-6199-494D-8426-13B5D75EF2A8}.Debug|Any CPU.Build.0 = Debug|Any CPU
		{F5BFC4CD-6199-494D-8426-13B5D75EF2A8}.Release|Any CPU.ActiveCfg = Release|Any CPU
		{F5BFC4CD-6199-494D-8426-13B5D75EF2A8}.Release|Any CPU.Build.0 = Release|Any CPU
	EndGlobalSection
	GlobalSection(SolutionProperties) = preSolution
		HideSolutionNode = FALSE
	EndGlobalSection
	GlobalSection(ExtensibilityGlobals) = postSolution
		SolutionGuid = {8A5FE0CD-D5C0-4E36-A556-3A6EBB705FA6}
	EndGlobalSection
EndGlobal
